// !$*UTF8*$!
{
	archiveVersion = 1;
	classes = {
	};
	objectVersion = 56;
	objects = {

/* Begin PBXBuildFile section */
		D50CC15E2B8C68F100DA724A /* ProfileImageService.swift in Sources */ = {isa = PBXBuildFile; fileRef = D50CC15D2B8C68F100DA724A /* ProfileImageService.swift */; };
		D51263E22BA6058900FBF74F /* WebViewPresenter.swift in Sources */ = {isa = PBXBuildFile; fileRef = D51263E12BA6058900FBF74F /* WebViewPresenter.swift */; };
		D51263E42BA60FA600FBF74F /* AuthConfiguration.swift in Sources */ = {isa = PBXBuildFile; fileRef = D51263E32BA60FA600FBF74F /* AuthConfiguration.swift */; };
		D51263E62BA6113300FBF74F /* AuthHelper.swift in Sources */ = {isa = PBXBuildFile; fileRef = D51263E52BA6113300FBF74F /* AuthHelper.swift */; };
		D51311DC2B458506000BCCBE /* ImagesListCell.swift in Sources */ = {isa = PBXBuildFile; fileRef = D51311DB2B458506000BCCBE /* ImagesListCell.swift */; };
		D522C4952B8CE71400D11FB7 /* ProfileStructs.swift in Sources */ = {isa = PBXBuildFile; fileRef = D522C4942B8CE71400D11FB7 /* ProfileStructs.swift */; };
		D522C4972B8F19A800D11FB7 /* URLSessionExtention.swift in Sources */ = {isa = PBXBuildFile; fileRef = D522C4962B8F19A800D11FB7 /* URLSessionExtention.swift */; };
		D522C4B72B93015600D11FB7 /* Kingfisher in Frameworks */ = {isa = PBXBuildFile; productRef = D522C4B62B93015600D11FB7 /* Kingfisher */; };
		D522C4BA2B9339EA00D11FB7 /* SwiftKeychainWrapper in Frameworks */ = {isa = PBXBuildFile; productRef = D522C4B92B9339EA00D11FB7 /* SwiftKeychainWrapper */; };
		D522C4BC2B93432000D11FB7 /* TabBarController.swift in Sources */ = {isa = PBXBuildFile; fileRef = D522C4BB2B93432000D11FB7 /* TabBarController.swift */; };
		D557F5382B71622A0079714F /* OAuthTokenResponseBody.swift in Sources */ = {isa = PBXBuildFile; fileRef = D557F5372B71622A0079714F /* OAuthTokenResponseBody.swift */; };
		D557F53B2B7163600079714F /* OAuth2Service.swift in Sources */ = {isa = PBXBuildFile; fileRef = D557F53A2B7163600079714F /* OAuth2Service.swift */; };
		D56DCE202B9CAA8500A47A31 /* PhotoRequestStruckt.swift in Sources */ = {isa = PBXBuildFile; fileRef = D56DCE1F2B9CAA8500A47A31 /* PhotoRequestStruckt.swift */; };
		D572AB2E2B3FEDE900EB7B88 /* AppDelegate.swift in Sources */ = {isa = PBXBuildFile; fileRef = D572AB2D2B3FEDE900EB7B88 /* AppDelegate.swift */; };
		D572AB302B3FEDE900EB7B88 /* SceneDelegate.swift in Sources */ = {isa = PBXBuildFile; fileRef = D572AB2F2B3FEDE900EB7B88 /* SceneDelegate.swift */; };
		D572AB322B3FEDE900EB7B88 /* ImagesListViewController.swift in Sources */ = {isa = PBXBuildFile; fileRef = D572AB312B3FEDE900EB7B88 /* ImagesListViewController.swift */; };
		D572AB352B3FEDE900EB7B88 /* Main.storyboard in Resources */ = {isa = PBXBuildFile; fileRef = D572AB332B3FEDE900EB7B88 /* Main.storyboard */; };
		D572AB372B3FEDEB00EB7B88 /* Assets.xcassets in Resources */ = {isa = PBXBuildFile; fileRef = D572AB362B3FEDEB00EB7B88 /* Assets.xcassets */; };
		D572AB3A2B3FEDEB00EB7B88 /* LaunchScreen.storyboard in Resources */ = {isa = PBXBuildFile; fileRef = D572AB382B3FEDEB00EB7B88 /* LaunchScreen.storyboard */; };
		D57FD1792B596D6300C710F5 /* SingleImageViewController.swift in Sources */ = {isa = PBXBuildFile; fileRef = D57FD1782B596D6200C710F5 /* SingleImageViewController.swift */; };
		D587ACC92B74CECC00051D53 /* Network Connection.swift in Sources */ = {isa = PBXBuildFile; fileRef = D587ACC82B74CECC00051D53 /* Network Connection.swift */; };
		D587ACCB2B74CF3000051D53 /* HTTP Request.swift in Sources */ = {isa = PBXBuildFile; fileRef = D587ACCA2B74CF3000051D53 /* HTTP Request.swift */; };
		D587ACCD2B74D17900051D53 /* OAuth2TokenStorage.swift in Sources */ = {isa = PBXBuildFile; fileRef = D587ACCC2B74D17900051D53 /* OAuth2TokenStorage.swift */; };
		D587ACCF2B751B4000051D53 /* SplashViewController.swift in Sources */ = {isa = PBXBuildFile; fileRef = D587ACCE2B751B4000051D53 /* SplashViewController.swift */; };
		D5967B7B2B591B9200A8CCA5 /* ProfileViewController.swift in Sources */ = {isa = PBXBuildFile; fileRef = D5967B7A2B591B9200A8CCA5 /* ProfileViewController.swift */; };
		D59BE3462B878DBF00F13122 /* ProgressHUD in Frameworks */ = {isa = PBXBuildFile; productRef = D59BE3452B878DBF00F13122 /* ProgressHUD */; };
		D59BE3482B8878AE00F13122 /* UIBlockingProgressHUD.swift in Sources */ = {isa = PBXBuildFile; fileRef = D59BE3472B8878AE00F13122 /* UIBlockingProgressHUD.swift */; };
		D59BE34A2B887C5900F13122 /* ProfileService.swift in Sources */ = {isa = PBXBuildFile; fileRef = D59BE3492B887C5900F13122 /* ProfileService.swift */; };
		D5E3D4532B6E970E00E50A45 /* AuthViewController.swift in Sources */ = {isa = PBXBuildFile; fileRef = D5E3D4522B6E970E00E50A45 /* AuthViewController.swift */; };
		D5E3D4552B6E972900E50A45 /* WebViewViewController.swift in Sources */ = {isa = PBXBuildFile; fileRef = D5E3D4542B6E972900E50A45 /* WebViewViewController.swift */; };
		D5E3D4572B6E980300E50A45 /* Constants.swift in Sources */ = {isa = PBXBuildFile; fileRef = D5E3D4562B6E980300E50A45 /* Constants.swift */; };
		D5F457162B96134C003C402C /* ImagesListService.swift in Sources */ = {isa = PBXBuildFile; fileRef = D5F457152B96134C003C402C /* ImagesListService.swift */; };
		D5F457182B963235003C402C /* PhotoStruct.swift in Sources */ = {isa = PBXBuildFile; fileRef = D5F457172B963235003C402C /* PhotoStruct.swift */; };
/* End PBXBuildFile section */

/* Begin PBXFileReference section */
		D50CC15D2B8C68F100DA724A /* ProfileImageService.swift */ = {isa = PBXFileReference; lastKnownFileType = sourcecode.swift; path = ProfileImageService.swift; sourceTree = "<group>"; };
		D51263E12BA6058900FBF74F /* WebViewPresenter.swift */ = {isa = PBXFileReference; lastKnownFileType = sourcecode.swift; path = WebViewPresenter.swift; sourceTree = "<group>"; };
		D51263E32BA60FA600FBF74F /* AuthConfiguration.swift */ = {isa = PBXFileReference; lastKnownFileType = sourcecode.swift; path = AuthConfiguration.swift; sourceTree = "<group>"; };
		D51263E52BA6113300FBF74F /* AuthHelper.swift */ = {isa = PBXFileReference; lastKnownFileType = sourcecode.swift; path = AuthHelper.swift; sourceTree = "<group>"; };
		D51311DB2B458506000BCCBE /* ImagesListCell.swift */ = {isa = PBXFileReference; lastKnownFileType = sourcecode.swift; path = ImagesListCell.swift; sourceTree = "<group>"; };
		D522C4942B8CE71400D11FB7 /* ProfileStructs.swift */ = {isa = PBXFileReference; lastKnownFileType = sourcecode.swift; path = ProfileStructs.swift; sourceTree = "<group>"; };
		D522C4962B8F19A800D11FB7 /* URLSessionExtention.swift */ = {isa = PBXFileReference; lastKnownFileType = sourcecode.swift; path = URLSessionExtention.swift; sourceTree = "<group>"; };
		D522C4BB2B93432000D11FB7 /* TabBarController.swift */ = {isa = PBXFileReference; lastKnownFileType = sourcecode.swift; path = TabBarController.swift; sourceTree = "<group>"; };
		D557F5372B71622A0079714F /* OAuthTokenResponseBody.swift */ = {isa = PBXFileReference; lastKnownFileType = sourcecode.swift; path = OAuthTokenResponseBody.swift; sourceTree = "<group>"; };
		D557F53A2B7163600079714F /* OAuth2Service.swift */ = {isa = PBXFileReference; lastKnownFileType = sourcecode.swift; path = OAuth2Service.swift; sourceTree = "<group>"; };
		D56DCE1F2B9CAA8500A47A31 /* PhotoRequestStruckt.swift */ = {isa = PBXFileReference; lastKnownFileType = sourcecode.swift; path = PhotoRequestStruckt.swift; sourceTree = "<group>"; };
		D572AB2A2B3FEDE900EB7B88 /* ImageFeed.app */ = {isa = PBXFileReference; explicitFileType = wrapper.application; includeInIndex = 0; path = ImageFeed.app; sourceTree = BUILT_PRODUCTS_DIR; };
		D572AB2D2B3FEDE900EB7B88 /* AppDelegate.swift */ = {isa = PBXFileReference; lastKnownFileType = sourcecode.swift; path = AppDelegate.swift; sourceTree = "<group>"; };
		D572AB2F2B3FEDE900EB7B88 /* SceneDelegate.swift */ = {isa = PBXFileReference; lastKnownFileType = sourcecode.swift; path = SceneDelegate.swift; sourceTree = "<group>"; };
		D572AB312B3FEDE900EB7B88 /* ImagesListViewController.swift */ = {isa = PBXFileReference; lastKnownFileType = sourcecode.swift; path = ImagesListViewController.swift; sourceTree = "<group>"; };
		D572AB342B3FEDE900EB7B88 /* Base */ = {isa = PBXFileReference; lastKnownFileType = file.storyboard; name = Base; path = Base.lproj/Main.storyboard; sourceTree = "<group>"; };
		D572AB362B3FEDEB00EB7B88 /* Assets.xcassets */ = {isa = PBXFileReference; lastKnownFileType = folder.assetcatalog; path = Assets.xcassets; sourceTree = "<group>"; };
		D572AB392B3FEDEB00EB7B88 /* Base */ = {isa = PBXFileReference; lastKnownFileType = file.storyboard; name = Base; path = Base.lproj/LaunchScreen.storyboard; sourceTree = "<group>"; };
		D572AB3B2B3FEDEB00EB7B88 /* Info.plist */ = {isa = PBXFileReference; lastKnownFileType = text.plist.xml; path = Info.plist; sourceTree = "<group>"; };
		D57FD1782B596D6200C710F5 /* SingleImageViewController.swift */ = {isa = PBXFileReference; lastKnownFileType = sourcecode.swift; path = SingleImageViewController.swift; sourceTree = "<group>"; };
		D587ACC82B74CECC00051D53 /* Network Connection.swift */ = {isa = PBXFileReference; lastKnownFileType = sourcecode.swift; path = "Network Connection.swift"; sourceTree = "<group>"; };
		D587ACCA2B74CF3000051D53 /* HTTP Request.swift */ = {isa = PBXFileReference; lastKnownFileType = sourcecode.swift; path = "HTTP Request.swift"; sourceTree = "<group>"; };
		D587ACCC2B74D17900051D53 /* OAuth2TokenStorage.swift */ = {isa = PBXFileReference; lastKnownFileType = sourcecode.swift; path = OAuth2TokenStorage.swift; sourceTree = "<group>"; };
		D587ACCE2B751B4000051D53 /* SplashViewController.swift */ = {isa = PBXFileReference; lastKnownFileType = sourcecode.swift; path = SplashViewController.swift; sourceTree = "<group>"; };
		D5967B7A2B591B9200A8CCA5 /* ProfileViewController.swift */ = {isa = PBXFileReference; lastKnownFileType = sourcecode.swift; path = ProfileViewController.swift; sourceTree = "<group>"; };
		D59BE3472B8878AE00F13122 /* UIBlockingProgressHUD.swift */ = {isa = PBXFileReference; lastKnownFileType = sourcecode.swift; path = UIBlockingProgressHUD.swift; sourceTree = "<group>"; };
		D59BE3492B887C5900F13122 /* ProfileService.swift */ = {isa = PBXFileReference; lastKnownFileType = sourcecode.swift; path = ProfileService.swift; sourceTree = "<group>"; };
		D5E3D4522B6E970E00E50A45 /* AuthViewController.swift */ = {isa = PBXFileReference; lastKnownFileType = sourcecode.swift; path = AuthViewController.swift; sourceTree = "<group>"; };
		D5E3D4542B6E972900E50A45 /* WebViewViewController.swift */ = {isa = PBXFileReference; lastKnownFileType = sourcecode.swift; path = WebViewViewController.swift; sourceTree = "<group>"; };
		D5E3D4562B6E980300E50A45 /* Constants.swift */ = {isa = PBXFileReference; lastKnownFileType = sourcecode.swift; path = Constants.swift; sourceTree = "<group>"; };
		D5F457152B96134C003C402C /* ImagesListService.swift */ = {isa = PBXFileReference; lastKnownFileType = sourcecode.swift; path = ImagesListService.swift; sourceTree = "<group>"; };
		D5F457172B963235003C402C /* PhotoStruct.swift */ = {isa = PBXFileReference; lastKnownFileType = sourcecode.swift; path = PhotoStruct.swift; sourceTree = "<group>"; };
/* End PBXFileReference section */

/* Begin PBXFrameworksBuildPhase section */
		D572AB272B3FEDE900EB7B88 /* Frameworks */ = {
			isa = PBXFrameworksBuildPhase;
			buildActionMask = 2147483647;
			files = (
				D522C4B72B93015600D11FB7 /* Kingfisher in Frameworks */,
				D59BE3462B878DBF00F13122 /* ProgressHUD in Frameworks */,
				D522C4BA2B9339EA00D11FB7 /* SwiftKeychainWrapper in Frameworks */,
			);
			runOnlyForDeploymentPostprocessing = 0;
		};
/* End PBXFrameworksBuildPhase section */

/* Begin PBXGroup section */
		D51311DD2B45852C000BCCBE /* ImagesList */ = {
			isa = PBXGroup;
			children = (
				D51311DB2B458506000BCCBE /* ImagesListCell.swift */,
				D572AB312B3FEDE900EB7B88 /* ImagesListViewController.swift */,
				D5F457152B96134C003C402C /* ImagesListService.swift */,
				D5F457172B963235003C402C /* PhotoStruct.swift */,
				D56DCE1F2B9CAA8500A47A31 /* PhotoRequestStruckt.swift */,
				D57FD17B2B59B25100C710F5 /* SingleImage */,
			);
			path = ImagesList;
			sourceTree = "<group>";
		};
		D522C4922B8CE62C00D11FB7 /* OAuth */ = {
			isa = PBXGroup;
			children = (
				D557F53A2B7163600079714F /* OAuth2Service.swift */,
				D587ACCC2B74D17900051D53 /* OAuth2TokenStorage.swift */,
				D557F5372B71622A0079714F /* OAuthTokenResponseBody.swift */,
			);
			path = OAuth;
			sourceTree = "<group>";
		};
		D53917492B958FA70008828B /* TabBar */ = {
			isa = PBXGroup;
			children = (
				D522C4BB2B93432000D11FB7 /* TabBarController.swift */,
			);
			path = TabBar;
			sourceTree = "<group>";
		};
		D572AB212B3FEDE900EB7B88 = {
			isa = PBXGroup;
			children = (
				D572AB2C2B3FEDE900EB7B88 /* ImageFeed */,
				D572AB332B3FEDE900EB7B88 /* Main.storyboard */,
				D572AB362B3FEDEB00EB7B88 /* Assets.xcassets */,
				D572AB382B3FEDEB00EB7B88 /* LaunchScreen.storyboard */,
				D572AB2B2B3FEDE900EB7B88 /* Products */,
			);
			sourceTree = "<group>";
		};
		D572AB2B2B3FEDE900EB7B88 /* Products */ = {
			isa = PBXGroup;
			children = (
				D572AB2A2B3FEDE900EB7B88 /* ImageFeed.app */,
			);
			name = Products;
			sourceTree = "<group>";
		};
		D572AB2C2B3FEDE900EB7B88 /* ImageFeed */ = {
			isa = PBXGroup;
			children = (
				D572AB3B2B3FEDEB00EB7B88 /* Info.plist */,
				D572AB2D2B3FEDE900EB7B88 /* AppDelegate.swift */,
				D5E3D4562B6E980300E50A45 /* Constants.swift */,
				D587ACC82B74CECC00051D53 /* Network Connection.swift */,
				D572AB2F2B3FEDE900EB7B88 /* SceneDelegate.swift */,
				D59BE3472B8878AE00F13122 /* UIBlockingProgressHUD.swift */,
				D522C4962B8F19A800D11FB7 /* URLSessionExtention.swift */,
				D587ACCA2B74CF3000051D53 /* HTTP Request.swift */,
				D53917492B958FA70008828B /* TabBar */,
				D5E3D4512B6E96C200E50A45 /* Authh */,
				D587ACD12B75282300051D53 /* Splash */,
				D51311DD2B45852C000BCCBE /* ImagesList */,
				D59BE34B2B887C6700F13122 /* Profile */,
			);
			path = ImageFeed;
			sourceTree = "<group>";
		};
		D57FD17B2B59B25100C710F5 /* SingleImage */ = {
			isa = PBXGroup;
			children = (
				D57FD1782B596D6200C710F5 /* SingleImageViewController.swift */,
			);
			path = SingleImage;
			sourceTree = "<group>";
		};
		D587ACD12B75282300051D53 /* Splash */ = {
			isa = PBXGroup;
			children = (
				D587ACCE2B751B4000051D53 /* SplashViewController.swift */,
			);
			path = Splash;
			sourceTree = "<group>";
		};
		D5967B792B59139E00A8CCA5 /* Service */ = {
			isa = PBXGroup;
			children = (
				D50CC15D2B8C68F100DA724A /* ProfileImageService.swift */,
				D59BE3492B887C5900F13122 /* ProfileService.swift */,
			);
			path = Service;
			sourceTree = "<group>";
		};
		D59BE34B2B887C6700F13122 /* Profile */ = {
			isa = PBXGroup;
			children = (
				D5967B7A2B591B9200A8CCA5 /* ProfileViewController.swift */,
				D522C4942B8CE71400D11FB7 /* ProfileStructs.swift */,
				D5967B792B59139E00A8CCA5 /* Service */,
			);
			path = Profile;
			sourceTree = "<group>";
		};
		D5E3D4512B6E96C200E50A45 /* Authh */ = {
			isa = PBXGroup;
			children = (
				D522C4922B8CE62C00D11FB7 /* OAuth */,
				D5E3D4522B6E970E00E50A45 /* AuthViewController.swift */,
				D5E3D4542B6E972900E50A45 /* WebViewViewController.swift */,
				D51263E12BA6058900FBF74F /* WebViewPresenter.swift */,
				D51263E32BA60FA600FBF74F /* AuthConfiguration.swift */,
				D51263E52BA6113300FBF74F /* AuthHelper.swift */,
			);
			path = Authh;
			sourceTree = "<group>";
		};
/* End PBXGroup section */

/* Begin PBXNativeTarget section */
		D572AB292B3FEDE900EB7B88 /* ImageFeed */ = {
			isa = PBXNativeTarget;
			buildConfigurationList = D572AB3E2B3FEDEB00EB7B88 /* Build configuration list for PBXNativeTarget "ImageFeed" */;
			buildPhases = (
				D572AB262B3FEDE900EB7B88 /* Sources */,
				D572AB272B3FEDE900EB7B88 /* Frameworks */,
				D572AB282B3FEDE900EB7B88 /* Resources */,
			);
			buildRules = (
			);
			dependencies = (
			);
			name = ImageFeed;
			packageProductDependencies = (
				D59BE3452B878DBF00F13122 /* ProgressHUD */,
				D522C4B62B93015600D11FB7 /* Kingfisher */,
				D522C4B92B9339EA00D11FB7 /* SwiftKeychainWrapper */,
			);
			productName = ImageFeed;
			productReference = D572AB2A2B3FEDE900EB7B88 /* ImageFeed.app */;
			productType = "com.apple.product-type.application";
		};
/* End PBXNativeTarget section */

/* Begin PBXProject section */
		D572AB222B3FEDE900EB7B88 /* Project object */ = {
			isa = PBXProject;
			attributes = {
				BuildIndependentTargetsInParallel = 1;
				LastSwiftUpdateCheck = 1510;
				LastUpgradeCheck = 1510;
				TargetAttributes = {
					D572AB292B3FEDE900EB7B88 = {
						CreatedOnToolsVersion = 15.1;
					};
				};
			};
			buildConfigurationList = D572AB252B3FEDE900EB7B88 /* Build configuration list for PBXProject "ImageFeed" */;
			compatibilityVersion = "Xcode 14.0";
			developmentRegion = en;
			hasScannedForEncodings = 0;
			knownRegions = (
				en,
				Base,
			);
			mainGroup = D572AB212B3FEDE900EB7B88;
			packageReferences = (
				D59BE3442B878DBF00F13122 /* XCRemoteSwiftPackageReference "ProgressHUD" */,
				D522C4B52B93015600D11FB7 /* XCRemoteSwiftPackageReference "Kingfisher" */,
				D522C4B82B9339EA00D11FB7 /* XCRemoteSwiftPackageReference "SwiftKeychainWrapper" */,
			);
			productRefGroup = D572AB2B2B3FEDE900EB7B88 /* Products */;
			projectDirPath = "";
			projectRoot = "";
			targets = (
				D572AB292B3FEDE900EB7B88 /* ImageFeed */,
			);
		};
/* End PBXProject section */

/* Begin PBXResourcesBuildPhase section */
		D572AB282B3FEDE900EB7B88 /* Resources */ = {
			isa = PBXResourcesBuildPhase;
			buildActionMask = 2147483647;
			files = (
				D572AB3A2B3FEDEB00EB7B88 /* LaunchScreen.storyboard in Resources */,
				D572AB372B3FEDEB00EB7B88 /* Assets.xcassets in Resources */,
				D572AB352B3FEDE900EB7B88 /* Main.storyboard in Resources */,
			);
			runOnlyForDeploymentPostprocessing = 0;
		};
/* End PBXResourcesBuildPhase section */

/* Begin PBXSourcesBuildPhase section */
		D572AB262B3FEDE900EB7B88 /* Sources */ = {
			isa = PBXSourcesBuildPhase;
			buildActionMask = 2147483647;
			files = (
				D522C4952B8CE71400D11FB7 /* ProfileStructs.swift in Sources */,
				D522C4972B8F19A800D11FB7 /* URLSessionExtention.swift in Sources */,
				D587ACCB2B74CF3000051D53 /* HTTP Request.swift in Sources */,
				D572AB322B3FEDE900EB7B88 /* ImagesListViewController.swift in Sources */,
				D51311DC2B458506000BCCBE /* ImagesListCell.swift in Sources */,
				D51263E62BA6113300FBF74F /* AuthHelper.swift in Sources */,
				D59BE3482B8878AE00F13122 /* UIBlockingProgressHUD.swift in Sources */,
				D51263E42BA60FA600FBF74F /* AuthConfiguration.swift in Sources */,
				D587ACC92B74CECC00051D53 /* Network Connection.swift in Sources */,
				D56DCE202B9CAA8500A47A31 /* PhotoRequestStruckt.swift in Sources */,
				D5F457162B96134C003C402C /* ImagesListService.swift in Sources */,
				D5F457182B963235003C402C /* PhotoStruct.swift in Sources */,
				D5967B7B2B591B9200A8CCA5 /* ProfileViewController.swift in Sources */,
				D5E3D4532B6E970E00E50A45 /* AuthViewController.swift in Sources */,
				D59BE34A2B887C5900F13122 /* ProfileService.swift in Sources */,
				D587ACCD2B74D17900051D53 /* OAuth2TokenStorage.swift in Sources */,
				D557F53B2B7163600079714F /* OAuth2Service.swift in Sources */,
				D557F5382B71622A0079714F /* OAuthTokenResponseBody.swift in Sources */,
				D587ACCF2B751B4000051D53 /* SplashViewController.swift in Sources */,
				D572AB2E2B3FEDE900EB7B88 /* AppDelegate.swift in Sources */,
				D57FD1792B596D6300C710F5 /* SingleImageViewController.swift in Sources */,
				D5E3D4552B6E972900E50A45 /* WebViewViewController.swift in Sources */,
				D51263E22BA6058900FBF74F /* WebViewPresenter.swift in Sources */,
				D50CC15E2B8C68F100DA724A /* ProfileImageService.swift in Sources */,
				D522C4BC2B93432000D11FB7 /* TabBarController.swift in Sources */,
				D572AB302B3FEDE900EB7B88 /* SceneDelegate.swift in Sources */,
				D5E3D4572B6E980300E50A45 /* Constants.swift in Sources */,
			);
			runOnlyForDeploymentPostprocessing = 0;
		};
/* End PBXSourcesBuildPhase section */

/* Begin PBXVariantGroup section */
		D572AB332B3FEDE900EB7B88 /* Main.storyboard */ = {
			isa = PBXVariantGroup;
			children = (
				D572AB342B3FEDE900EB7B88 /* Base */,
			);
			name = Main.storyboard;
			sourceTree = "<group>";
		};
		D572AB382B3FEDEB00EB7B88 /* LaunchScreen.storyboard */ = {
			isa = PBXVariantGroup;
			children = (
				D572AB392B3FEDEB00EB7B88 /* Base */,
			);
			name = LaunchScreen.storyboard;
			sourceTree = "<group>";
		};
/* End PBXVariantGroup section */

/* Begin XCBuildConfiguration section */
		D572AB3C2B3FEDEB00EB7B88 /* Debug */ = {
			isa = XCBuildConfiguration;
			buildSettings = {
				ALWAYS_SEARCH_USER_PATHS = NO;
				ASSETCATALOG_COMPILER_GENERATE_SWIFT_ASSET_SYMBOL_EXTENSIONS = YES;
				CLANG_ANALYZER_NONNULL = YES;
				CLANG_ANALYZER_NUMBER_OBJECT_CONVERSION = YES_AGGRESSIVE;
				CLANG_CXX_LANGUAGE_STANDARD = "gnu++20";
				CLANG_ENABLE_MODULES = YES;
				CLANG_ENABLE_OBJC_ARC = YES;
				CLANG_ENABLE_OBJC_WEAK = YES;
				CLANG_WARN_BLOCK_CAPTURE_AUTORELEASING = YES;
				CLANG_WARN_BOOL_CONVERSION = YES;
				CLANG_WARN_COMMA = YES;
				CLANG_WARN_CONSTANT_CONVERSION = YES;
				CLANG_WARN_DEPRECATED_OBJC_IMPLEMENTATIONS = YES;
				CLANG_WARN_DIRECT_OBJC_ISA_USAGE = YES_ERROR;
				CLANG_WARN_DOCUMENTATION_COMMENTS = YES;
				CLANG_WARN_EMPTY_BODY = YES;
				CLANG_WARN_ENUM_CONVERSION = YES;
				CLANG_WARN_INFINITE_RECURSION = YES;
				CLANG_WARN_INT_CONVERSION = YES;
				CLANG_WARN_NON_LITERAL_NULL_CONVERSION = YES;
				CLANG_WARN_OBJC_IMPLICIT_RETAIN_SELF = YES;
				CLANG_WARN_OBJC_LITERAL_CONVERSION = YES;
				CLANG_WARN_OBJC_ROOT_CLASS = YES_ERROR;
				CLANG_WARN_QUOTED_INCLUDE_IN_FRAMEWORK_HEADER = YES;
				CLANG_WARN_RANGE_LOOP_ANALYSIS = YES;
				CLANG_WARN_STRICT_PROTOTYPES = YES;
				CLANG_WARN_SUSPICIOUS_MOVE = YES;
				CLANG_WARN_UNGUARDED_AVAILABILITY = YES_AGGRESSIVE;
				CLANG_WARN_UNREACHABLE_CODE = YES;
				CLANG_WARN__DUPLICATE_METHOD_MATCH = YES;
				COPY_PHASE_STRIP = NO;
				DEBUG_INFORMATION_FORMAT = dwarf;
				ENABLE_STRICT_OBJC_MSGSEND = YES;
				ENABLE_TESTABILITY = YES;
				ENABLE_USER_SCRIPT_SANDBOXING = YES;
				GCC_C_LANGUAGE_STANDARD = gnu17;
				GCC_DYNAMIC_NO_PIC = NO;
				GCC_NO_COMMON_BLOCKS = YES;
				GCC_OPTIMIZATION_LEVEL = 0;
				GCC_PREPROCESSOR_DEFINITIONS = (
					"DEBUG=1",
					"$(inherited)",
				);
				GCC_WARN_64_TO_32_BIT_CONVERSION = YES;
				GCC_WARN_ABOUT_RETURN_TYPE = YES_ERROR;
				GCC_WARN_UNDECLARED_SELECTOR = YES;
				GCC_WARN_UNINITIALIZED_AUTOS = YES_AGGRESSIVE;
				GCC_WARN_UNUSED_FUNCTION = YES;
				GCC_WARN_UNUSED_VARIABLE = YES;
				IPHONEOS_DEPLOYMENT_TARGET = 13.0;
				LOCALIZATION_PREFERS_STRING_CATALOGS = YES;
				MTL_ENABLE_DEBUG_INFO = INCLUDE_SOURCE;
				MTL_FAST_MATH = YES;
				ONLY_ACTIVE_ARCH = YES;
				SDKROOT = iphoneos;
				SWIFT_ACTIVE_COMPILATION_CONDITIONS = "DEBUG $(inherited)";
				SWIFT_OPTIMIZATION_LEVEL = "-Onone";
			};
			name = Debug;
		};
		D572AB3D2B3FEDEB00EB7B88 /* Release */ = {
			isa = XCBuildConfiguration;
			buildSettings = {
				ALWAYS_SEARCH_USER_PATHS = NO;
				ASSETCATALOG_COMPILER_GENERATE_SWIFT_ASSET_SYMBOL_EXTENSIONS = YES;
				CLANG_ANALYZER_NONNULL = YES;
				CLANG_ANALYZER_NUMBER_OBJECT_CONVERSION = YES_AGGRESSIVE;
				CLANG_CXX_LANGUAGE_STANDARD = "gnu++20";
				CLANG_ENABLE_MODULES = YES;
				CLANG_ENABLE_OBJC_ARC = YES;
				CLANG_ENABLE_OBJC_WEAK = YES;
				CLANG_WARN_BLOCK_CAPTURE_AUTORELEASING = YES;
				CLANG_WARN_BOOL_CONVERSION = YES;
				CLANG_WARN_COMMA = YES;
				CLANG_WARN_CONSTANT_CONVERSION = YES;
				CLANG_WARN_DEPRECATED_OBJC_IMPLEMENTATIONS = YES;
				CLANG_WARN_DIRECT_OBJC_ISA_USAGE = YES_ERROR;
				CLANG_WARN_DOCUMENTATION_COMMENTS = YES;
				CLANG_WARN_EMPTY_BODY = YES;
				CLANG_WARN_ENUM_CONVERSION = YES;
				CLANG_WARN_INFINITE_RECURSION = YES;
				CLANG_WARN_INT_CONVERSION = YES;
				CLANG_WARN_NON_LITERAL_NULL_CONVERSION = YES;
				CLANG_WARN_OBJC_IMPLICIT_RETAIN_SELF = YES;
				CLANG_WARN_OBJC_LITERAL_CONVERSION = YES;
				CLANG_WARN_OBJC_ROOT_CLASS = YES_ERROR;
				CLANG_WARN_QUOTED_INCLUDE_IN_FRAMEWORK_HEADER = YES;
				CLANG_WARN_RANGE_LOOP_ANALYSIS = YES;
				CLANG_WARN_STRICT_PROTOTYPES = YES;
				CLANG_WARN_SUSPICIOUS_MOVE = YES;
				CLANG_WARN_UNGUARDED_AVAILABILITY = YES_AGGRESSIVE;
				CLANG_WARN_UNREACHABLE_CODE = YES;
				CLANG_WARN__DUPLICATE_METHOD_MATCH = YES;
				COPY_PHASE_STRIP = NO;
				DEBUG_INFORMATION_FORMAT = "dwarf-with-dsym";
				ENABLE_NS_ASSERTIONS = NO;
				ENABLE_STRICT_OBJC_MSGSEND = YES;
				ENABLE_USER_SCRIPT_SANDBOXING = YES;
				GCC_C_LANGUAGE_STANDARD = gnu17;
				GCC_NO_COMMON_BLOCKS = YES;
				GCC_WARN_64_TO_32_BIT_CONVERSION = YES;
				GCC_WARN_ABOUT_RETURN_TYPE = YES_ERROR;
				GCC_WARN_UNDECLARED_SELECTOR = YES;
				GCC_WARN_UNINITIALIZED_AUTOS = YES_AGGRESSIVE;
				GCC_WARN_UNUSED_FUNCTION = YES;
				GCC_WARN_UNUSED_VARIABLE = YES;
				IPHONEOS_DEPLOYMENT_TARGET = 13.0;
				LOCALIZATION_PREFERS_STRING_CATALOGS = YES;
				MTL_ENABLE_DEBUG_INFO = NO;
				MTL_FAST_MATH = YES;
				SDKROOT = iphoneos;
				SWIFT_COMPILATION_MODE = wholemodule;
				VALIDATE_PRODUCT = YES;
			};
			name = Release;
		};
		D572AB3F2B3FEDEB00EB7B88 /* Debug */ = {
			isa = XCBuildConfiguration;
			buildSettings = {
				ASSETCATALOG_COMPILER_APPICON_NAME = AppIcon;
				ASSETCATALOG_COMPILER_GLOBAL_ACCENT_COLOR_NAME = AccentColor;
				CODE_SIGN_IDENTITY = "Apple Development";
				CODE_SIGN_STYLE = Automatic;
				CURRENT_PROJECT_VERSION = 1;
				DEVELOPMENT_TEAM = YJ8QCRT239;
				GENERATE_INFOPLIST_FILE = YES;
				INFOPLIST_FILE = ImageFeed/Info.plist;
				INFOPLIST_KEY_UIApplicationSupportsIndirectInputEvents = YES;
				INFOPLIST_KEY_UILaunchStoryboardName = LaunchScreen;
				INFOPLIST_KEY_UIMainStoryboardFile = Main;
				INFOPLIST_KEY_UISupportedInterfaceOrientations = UIInterfaceOrientationPortrait;
				IPHONEOS_DEPLOYMENT_TARGET = 13.0;
				LD_RUNPATH_SEARCH_PATHS = (
					"$(inherited)",
					"@executable_path/Frameworks",
				);
				MARKETING_VERSION = 1.0;
				PRODUCT_BUNDLE_IDENTIFIER = ru.oleg.sprite.ImageFeed;
				PRODUCT_NAME = "$(TARGET_NAME)";
				PROVISIONING_PROFILE_SPECIFIER = "";
				SUPPORTED_PLATFORMS = "iphoneos iphonesimulator";
				SUPPORTS_MACCATALYST = NO;
				SUPPORTS_MAC_DESIGNED_FOR_IPHONE_IPAD = NO;
				SWIFT_EMIT_LOC_STRINGS = YES;
				SWIFT_VERSION = 5.0;
				TARGETED_DEVICE_FAMILY = 1;
			};
			name = Debug;
		};
		D572AB402B3FEDEB00EB7B88 /* Release */ = {
			isa = XCBuildConfiguration;
			buildSettings = {
				ASSETCATALOG_COMPILER_APPICON_NAME = AppIcon;
				ASSETCATALOG_COMPILER_GLOBAL_ACCENT_COLOR_NAME = AccentColor;
				CODE_SIGN_IDENTITY = "Apple Development";
				CODE_SIGN_STYLE = Automatic;
				CURRENT_PROJECT_VERSION = 1;
				DEVELOPMENT_TEAM = YJ8QCRT239;
				GENERATE_INFOPLIST_FILE = YES;
				INFOPLIST_FILE = ImageFeed/Info.plist;
				INFOPLIST_KEY_UIApplicationSupportsIndirectInputEvents = YES;
				INFOPLIST_KEY_UILaunchStoryboardName = LaunchScreen;
				INFOPLIST_KEY_UIMainStoryboardFile = Main;
				INFOPLIST_KEY_UISupportedInterfaceOrientations = UIInterfaceOrientationPortrait;
				IPHONEOS_DEPLOYMENT_TARGET = 13.0;
				LD_RUNPATH_SEARCH_PATHS = (
					"$(inherited)",
					"@executable_path/Frameworks",
				);
				MARKETING_VERSION = 1.0;
				PRODUCT_BUNDLE_IDENTIFIER = ru.oleg.sprite.ImageFeed;
				PRODUCT_NAME = "$(TARGET_NAME)";
				PROVISIONING_PROFILE_SPECIFIER = "";
				SUPPORTED_PLATFORMS = "iphoneos iphonesimulator";
				SUPPORTS_MACCATALYST = NO;
				SUPPORTS_MAC_DESIGNED_FOR_IPHONE_IPAD = NO;
				SWIFT_EMIT_LOC_STRINGS = YES;
				SWIFT_VERSION = 5.0;
				TARGETED_DEVICE_FAMILY = 1;
			};
			name = Release;
		};
/* End XCBuildConfiguration section */

/* Begin XCConfigurationList section */
		D572AB252B3FEDE900EB7B88 /* Build configuration list for PBXProject "ImageFeed" */ = {
			isa = XCConfigurationList;
			buildConfigurations = (
				D572AB3C2B3FEDEB00EB7B88 /* Debug */,
				D572AB3D2B3FEDEB00EB7B88 /* Release */,
			);
			defaultConfigurationIsVisible = 0;
			defaultConfigurationName = Release;
		};
		D572AB3E2B3FEDEB00EB7B88 /* Build configuration list for PBXNativeTarget "ImageFeed" */ = {
			isa = XCConfigurationList;
			buildConfigurations = (
				D572AB3F2B3FEDEB00EB7B88 /* Debug */,
				D572AB402B3FEDEB00EB7B88 /* Release */,
			);
			defaultConfigurationIsVisible = 0;
			defaultConfigurationName = Release;
		};
/* End XCConfigurationList section */

/* Begin XCRemoteSwiftPackageReference section */
		D522C4B52B93015600D11FB7 /* XCRemoteSwiftPackageReference "Kingfisher" */ = {
			isa = XCRemoteSwiftPackageReference;
			repositoryURL = "https://github.com/onevcat/Kingfisher?ysclid=lt9pqzshcq407012554";
			requirement = {
				kind = upToNextMajorVersion;
				minimumVersion = 7.11.0;
			};
		};
		D522C4B82B9339EA00D11FB7 /* XCRemoteSwiftPackageReference "SwiftKeychainWrapper" */ = {
			isa = XCRemoteSwiftPackageReference;
			repositoryURL = "https://github.com/jrendel/SwiftKeychainWrapper";
			requirement = {
				kind = upToNextMajorVersion;
				minimumVersion = 4.0.1;
			};
		};
		D59BE3442B878DBF00F13122 /* XCRemoteSwiftPackageReference "ProgressHUD" */ = {
			isa = XCRemoteSwiftPackageReference;
			repositoryURL = "https://github.com/relatedcode/ProgressHUD";
			requirement = {
				kind = upToNextMajorVersion;
				minimumVersion = 14.1.1;
			};
		};
/* End XCRemoteSwiftPackageReference section */

/* Begin XCSwiftPackageProductDependency section */
		D522C4B62B93015600D11FB7 /* Kingfisher */ = {
			isa = XCSwiftPackageProductDependency;
			package = D522C4B52B93015600D11FB7 /* XCRemoteSwiftPackageReference "Kingfisher" */;
			productName = Kingfisher;
		};
		D522C4B92B9339EA00D11FB7 /* SwiftKeychainWrapper */ = {
			isa = XCSwiftPackageProductDependency;
			package = D522C4B82B9339EA00D11FB7 /* XCRemoteSwiftPackageReference "SwiftKeychainWrapper" */;
			productName = SwiftKeychainWrapper;
		};
		D59BE3452B878DBF00F13122 /* ProgressHUD */ = {
			isa = XCSwiftPackageProductDependency;
			package = D59BE3442B878DBF00F13122 /* XCRemoteSwiftPackageReference "ProgressHUD" */;
			productName = ProgressHUD;
		};
/* End XCSwiftPackageProductDependency section */
	};
	rootObject = D572AB222B3FEDE900EB7B88 /* Project object */;
}
